// !$*UTF8*$!
{
	archiveVersion = 1;
	classes = {
	};
	objectVersion = 46;
	objects = {

/* Begin PBXBuildFile section */
		373DB4101BC6AD53001A26B5 /* AppDelegate.swift in Sources */ = {isa = PBXBuildFile; fileRef = 373DB40F1BC6AD53001A26B5 /* AppDelegate.swift */; };
		373DB4151BC6AD53001A26B5 /* Main.storyboard in Resources */ = {isa = PBXBuildFile; fileRef = 373DB4131BC6AD53001A26B5 /* Main.storyboard */; };
		373DB4171BC6AD53001A26B5 /* Assets.xcassets in Resources */ = {isa = PBXBuildFile; fileRef = 373DB4161BC6AD53001A26B5 /* Assets.xcassets */; };
		373DB41A1BC6AD53001A26B5 /* LaunchScreen.storyboard in Resources */ = {isa = PBXBuildFile; fileRef = 373DB4181BC6AD53001A26B5 /* LaunchScreen.storyboard */; };
		373DB4231BC6AED9001A26B5 /* StartViewController.swift in Sources */ = {isa = PBXBuildFile; fileRef = 373DB4221BC6AED9001A26B5 /* StartViewController.swift */; settings = {ASSET_TAGS = (); }; };
		373DB4251BC6AEE4001A26B5 /* ScoreViewController.swift in Sources */ = {isa = PBXBuildFile; fileRef = 373DB4241BC6AEE4001A26B5 /* ScoreViewController.swift */; settings = {ASSET_TAGS = (); }; };
		373DB4271BC6AF07001A26B5 /* GameViewController.swift in Sources */ = {isa = PBXBuildFile; fileRef = 373DB4261BC6AF07001A26B5 /* GameViewController.swift */; settings = {ASSET_TAGS = (); }; };
		373DB4291BC6AF3F001A26B5 /* TopBarView.swift in Sources */ = {isa = PBXBuildFile; fileRef = 373DB4281BC6AF3F001A26B5 /* TopBarView.swift */; settings = {ASSET_TAGS = (); }; };
		373DB42B1BC6B147001A26B5 /* background.png in Resources */ = {isa = PBXBuildFile; fileRef = 373DB42A1BC6B147001A26B5 /* background.png */; settings = {ASSET_TAGS = (); }; };
/* End PBXBuildFile section */

/* Begin PBXFileReference section */
		373DB40C1BC6AD53001A26B5 /* Break.app */ = {isa = PBXFileReference; explicitFileType = wrapper.application; includeInIndex = 0; path = Break.app; sourceTree = BUILT_PRODUCTS_DIR; };
		373DB40F1BC6AD53001A26B5 /* AppDelegate.swift */ = {isa = PBXFileReference; lastKnownFileType = sourcecode.swift; path = AppDelegate.swift; sourceTree = "<group>"; };
		373DB4141BC6AD53001A26B5 /* Base */ = {isa = PBXFileReference; lastKnownFileType = file.storyboard; name = Base; path = Base.lproj/Main.storyboard; sourceTree = "<group>"; };
		373DB4161BC6AD53001A26B5 /* Assets.xcassets */ = {isa = PBXFileReference; lastKnownFileType = folder.assetcatalog; path = Assets.xcassets; sourceTree = "<group>"; };
		373DB4191BC6AD53001A26B5 /* Base */ = {isa = PBXFileReference; lastKnownFileType = file.storyboard; name = Base; path = Base.lproj/LaunchScreen.storyboard; sourceTree = "<group>"; };
		373DB41B1BC6AD53001A26B5 /* Info.plist */ = {isa = PBXFileReference; lastKnownFileType = text.plist.xml; path = Info.plist; sourceTree = "<group>"; };
		373DB4221BC6AED9001A26B5 /* StartViewController.swift */ = {isa = PBXFileReference; fileEncoding = 4; lastKnownFileType = sourcecode.swift; path = StartViewController.swift; sourceTree = "<group>"; };
		373DB4241BC6AEE4001A26B5 /* ScoreViewController.swift */ = {isa = PBXFileReference; fileEncoding = 4; lastKnownFileType = sourcecode.swift; path = ScoreViewController.swift; sourceTree = "<group>"; };
		373DB4261BC6AF07001A26B5 /* GameViewController.swift */ = {isa = PBXFileReference; fileEncoding = 4; lastKnownFileType = sourcecode.swift; path = GameViewController.swift; sourceTree = "<group>"; };
		373DB4281BC6AF3F001A26B5 /* TopBarView.swift */ = {isa = PBXFileReference; fileEncoding = 4; lastKnownFileType = sourcecode.swift; path = TopBarView.swift; sourceTree = "<group>"; };
		373DB42A1BC6B147001A26B5 /* background.png */ = {isa = PBXFileReference; lastKnownFileType = image.png; path = background.png; sourceTree = "<group>"; };
/* End PBXFileReference section */

/* Begin PBXFrameworksBuildPhase section */
		373DB4091BC6AD53001A26B5 /* Frameworks */ = {
			isa = PBXFrameworksBuildPhase;
			buildActionMask = 2147483647;
			files = (
			);
			runOnlyForDeploymentPostprocessing = 0;
		};
/* End PBXFrameworksBuildPhase section */

/* Begin PBXGroup section */
		373DB4031BC6AD53001A26B5 = {
			isa = PBXGroup;
			children = (
				373DB40E1BC6AD53001A26B5 /* Break */,
				373DB40D1BC6AD53001A26B5 /* Products */,
			);
			sourceTree = "<group>";
		};
		373DB40D1BC6AD53001A26B5 /* Products */ = {
			isa = PBXGroup;
			children = (
				373DB40C1BC6AD53001A26B5 /* Break.app */,
			);
			name = Products;
			sourceTree = "<group>";
		};
		373DB40E1BC6AD53001A26B5 /* Break */ = {
			isa = PBXGroup;
			children = (
				373DB4131BC6AD53001A26B5 /* Main.storyboard */,
				373DB4211BC6AD99001A26B5 /* System */,
				373DB4221BC6AED9001A26B5 /* StartViewController.swift */,
				373DB4261BC6AF07001A26B5 /* GameViewController.swift */,
				373DB4281BC6AF3F001A26B5 /* TopBarView.swift */,
				373DB4241BC6AEE4001A26B5 /* ScoreViewController.swift */,
			);
			path = Break;
			sourceTree = "<group>";
		};
		373DB4211BC6AD99001A26B5 /* System */ = {
			isa = PBXGroup;
			children = (
				373DB40F1BC6AD53001A26B5 /* AppDelegate.swift */,
				373DB4161BC6AD53001A26B5 /* Assets.xcassets */,
				373DB42A1BC6B147001A26B5 /* background.png */,
				373DB4181BC6AD53001A26B5 /* LaunchScreen.storyboard */,
				373DB41B1BC6AD53001A26B5 /* Info.plist */,
			);
			name = System;
			sourceTree = "<group>";
		};
/* End PBXGroup section */

/* Begin PBXNativeTarget section */
		373DB40B1BC6AD53001A26B5 /* Break */ = {
			isa = PBXNativeTarget;
			buildConfigurationList = 373DB41E1BC6AD53001A26B5 /* Build configuration list for PBXNativeTarget "Break" */;
			buildPhases = (
				373DB4081BC6AD53001A26B5 /* Sources */,
				373DB4091BC6AD53001A26B5 /* Frameworks */,
				373DB40A1BC6AD53001A26B5 /* Resources */,
			);
			buildRules = (
			);
			dependencies = (
			);
			name = Break;
			productName = Break;
			productReference = 373DB40C1BC6AD53001A26B5 /* Break.app */;
			productType = "com.apple.product-type.application";
		};
/* End PBXNativeTarget section */

/* Begin PBXProject section */
		373DB4041BC6AD53001A26B5 /* Project object */ = {
			isa = PBXProject;
			attributes = {
				LastUpgradeCheck = 0700;
				ORGANIZATIONNAME = "Anjel Villafranco";
				TargetAttributes = {
					373DB40B1BC6AD53001A26B5 = {
						CreatedOnToolsVersion = 7.0.1;
					};
				};
			};
			buildConfigurationList = 373DB4071BC6AD53001A26B5 /* Build configuration list for PBXProject "Break" */;
			compatibilityVersion = "Xcode 3.2";
			developmentRegion = English;
			hasScannedForEncodings = 0;
			knownRegions = (
				en,
				Base,
			);
			mainGroup = 373DB4031BC6AD53001A26B5;
			productRefGroup = 373DB40D1BC6AD53001A26B5 /* Products */;
			projectDirPath = "";
			projectRoot = "";
			targets = (
				373DB40B1BC6AD53001A26B5 /* Break */,
			);
		};
/* End PBXProject section */

/* Begin PBXResourcesBuildPhase section */
		373DB40A1BC6AD53001A26B5 /* Resources */ = {
			isa = PBXResourcesBuildPhase;
			buildActionMask = 2147483647;
			files = (
				373DB41A1BC6AD53001A26B5 /* LaunchScreen.storyboard in Resources */,
				373DB42B1BC6B147001A26B5 /* background.png in Resources */,
				373DB4171BC6AD53001A26B5 /* Assets.xcassets in Resources */,
				373DB4151BC6AD53001A26B5 /* Main.storyboard in Resources */,
			);
			runOnlyForDeploymentPostprocessing = 0;
		};
/* End PBXResourcesBuildPhase section */

/* Begin PBXSourcesBuildPhase section */
		373DB4081BC6AD53001A26B5 /* Sources */ = {
			isa = PBXSourcesBuildPhase;
			buildActionMask = 2147483647;
			files = (
				373DB4291BC6AF3F001A26B5 /* TopBarView.swift in Sources */,
				373DB4271BC6AF07001A26B5 /* GameViewController.swift in Sources */,
				373DB4251BC6AEE4001A26B5 /* ScoreViewController.swift in Sources */,
				373DB4101BC6AD53001A26B5 /* AppDelegate.swift in Sources */,
				373DB4231BC6AED9001A26B5 /* StartViewController.swift in Sources */,
			);
			runOnlyForDeploymentPostprocessing = 0;
		};
/* End PBXSourcesBuildPhase section */

/* Begin PBXVariantGroup section */
		373DB4131BC6AD53001A26B5 /* Main.storyboard */ = {
			isa = PBXVariantGroup;
			children = (
				373DB4141BC6AD53001A26B5 /* Base */,
			);
			name = Main.storyboard;
			sourceTree = "<group>";
		};
		373DB4181BC6AD53001A26B5 /* LaunchScreen.storyboard */ = {
			isa = PBXVariantGroup;
			children = (
				373DB4191BC6AD53001A26B5 /* Base */,
			);
			name = LaunchScreen.storyboard;
			sourceTree = "<group>";
		};
/* End PBXVariantGroup section */

/* Begin XCBuildConfiguration section */
		373DB41C1BC6AD53001A26B5 /* Debug */ = {
			isa = XCBuildConfiguration;
			buildSettings = {
				ALWAYS_SEARCH_USER_PATHS = NO;
				CLANG_CXX_LANGUAGE_STANDARD = "gnu++0x";
				CLANG_CXX_LIBRARY = "libc++";
				CLANG_ENABLE_MODULES = YES;
				CLANG_ENABLE_OBJC_ARC = YES;
				CLANG_WARN_BOOL_CONVERSION = YES;
				CLANG_WARN_CONSTANT_CONVERSION = YES;
				CLANG_WARN_DIRECT_OBJC_ISA_USAGE = YES_ERROR;
				CLANG_WARN_EMPTY_BODY = YES;
				CLANG_WARN_ENUM_CONVERSION = YES;
				CLANG_WARN_INT_CONVERSION = YES;
				CLANG_WARN_OBJC_ROOT_CLASS = YES_ERROR;
				CLANG_WARN_UNREACHABLE_CODE = YES;
				CLANG_WARN__DUPLICATE_METHOD_MATCH = YES;
				"CODE_SIGN_IDENTITY[sdk=iphoneos*]" = "iPhone Developer";
				COPY_PHASE_STRIP = NO;
				DEBUG_INFORMATION_FORMAT = dwarf;
				ENABLE_STRICT_OBJC_MSGSEND = YES;
				ENABLE_TESTABILITY = YES;
				GCC_C_LANGUAGE_STANDARD = gnu99;
				GCC_DYNAMIC_NO_PIC = NO;
				GCC_NO_COMMON_BLOCKS = YES;
				GCC_OPTIMIZATION_LEVEL = 0;
				GCC_PREPROCESSOR_DEFINITIONS = (
					"DEBUG=1",
					"$(inherited)",
				);
				GCC_WARN_64_TO_32_BIT_CONVERSION = YES;
				GCC_WARN_ABOUT_RETURN_TYPE = YES_ERROR;
				GCC_WARN_UNDECLARED_SELECTOR = YES;
				GCC_WARN_UNINITIALIZED_AUTOS = YES_AGGRESSIVE;
				GCC_WARN_UNUSED_FUNCTION = YES;
				GCC_WARN_UNUSED_VARIABLE = YES;
				IPHONEOS_DEPLOYMENT_TARGET = 9.0;
				MTL_ENABLE_DEBUG_INFO = YES;
				ONLY_ACTIVE_ARCH = YES;
				SDKROOT = iphoneos;
				SWIFT_OPTIMIZATION_LEVEL = "-Onone";
			};
			name = Debug;
		};
		373DB41D1BC6AD53001A26B5 /* Release */ = {
			isa = XCBuildConfiguration;
			buildSettings = {
				ALWAYS_SEARCH_USER_PATHS = NO;
				CLANG_CXX_LANGUAGE_STANDARD = "gnu++0x";
				CLANG_CXX_LIBRARY = "libc++";
				CLANG_ENABLE_MODULES = YES;
				CLANG_ENABLE_OBJC_ARC = YES;
				CLANG_WARN_BOOL_CONVERSION = YES;
				CLANG_WARN_CONSTANT_CONVERSION = YES;
				CLANG_WARN_DIRECT_OBJC_ISA_USAGE = YES_ERROR;
				CLANG_WARN_EMPTY_BODY = YES;
				CLANG_WARN_ENUM_CONVERSION = YES;
				CLANG_WARN_INT_CONVERSION = YES;
				CLANG_WARN_OBJC_ROOT_CLASS = YES_ERROR;
				CLANG_WARN_UNREACHABLE_CODE = YES;
				CLANG_WARN__DUPLICATE_METHOD_MATCH = YES;
				"CODE_SIGN_IDENTITY[sdk=iphoneos*]" = "iPhone Developer";
				COPY_PHASE_STRIP = NO;
				DEBUG_INFORMATION_FORMAT = "dwarf-with-dsym";
				ENABLE_NS_ASSERTIONS = NO;
				ENABLE_STRICT_OBJC_MSGSEND = YES;
				GCC_C_LANGUAGE_STANDARD = gnu99;
				GCC_NO_COMMON_BLOCKS = YES;
				GCC_WARN_64_TO_32_BIT_CONVERSION = YES;
				GCC_WARN_ABOUT_RETURN_TYPE = YES_ERROR;
				GCC_WARN_UNDECLARED_SELECTOR = YES;
				GCC_WARN_UNINITIALIZED_AUTOS = YES_AGGRESSIVE;
				GCC_WARN_UNUSED_FUNCTION = YES;
				GCC_WARN_UNUSED_VARIABLE = YES;
				IPHONEOS_DEPLOYMENT_TARGET = 9.0;
				MTL_ENABLE_DEBUG_INFO = NO;
				SDKROOT = iphoneos;
				VALIDATE_PRODUCT = YES;
			};
			name = Release;
		};
		373DB41F1BC6AD53001A26B5 /* Debug */ = {
			isa = XCBuildConfiguration;
			buildSettings = {
				ASSETCATALOG_COMPILER_APPICON_NAME = AppIcon;
				INFOPLIST_FILE = Break/Info.plist;
				LD_RUNPATH_SEARCH_PATHS = "$(inherited) @executable_path/Frameworks";
				PRODUCT_BUNDLE_IDENTIFIER = com.anjelvillafranco.Break;
				PRODUCT_NAME = "$(TARGET_NAME)";
			};
			name = Debug;
		};
		373DB4201BC6AD53001A26B5 /* Release */ = {
			isa = XCBuildConfiguration;
			buildSettings = {
				ASSETCATALOG_COMPILER_APPICON_NAME = AppIcon;
				INFOPLIST_FILE = Break/Info.plist;
				LD_RUNPATH_SEARCH_PATHS = "$(inherited) @executable_path/Frameworks";
				PRODUCT_BUNDLE_IDENTIFIER = com.anjelvillafranco.Break;
				PRODUCT_NAME = "$(TARGET_NAME)";
			};
			name = Release;
		};
/* End XCBuildConfiguration section */

/* Begin XCConfigurationList section */
		373DB4071BC6AD53001A26B5 /* Build configuration list for PBXProject "Break" */ = {
			isa = XCConfigurationList;
			buildConfigurations = (
				373DB41C1BC6AD53001A26B5 /* Debug */,
				373DB41D1BC6AD53001A26B5 /* Release */,
			);
			defaultConfigurationIsVisible = 0;
			defaultConfigurationName = Release;
		};
		373DB41E1BC6AD53001A26B5 /* Build configuration list for PBXNativeTarget "Break" */ = {
			isa = XCConfigurationList;
			buildConfigurations = (
				373DB41F1BC6AD53001A26B5 /* Debug */,
				373DB4201BC6AD53001A26B5 /* Release */,
			);
			defaultConfigurationIsVisible = 0;
		};
/* End XCConfigurationList section */
	};
	rootObject = 373DB4041BC6AD53001A26B5 /* Project object */;
}
